
Microsoft Visual Studio Solution File, Format Version 12.00
# Visual Studio Version 17
VisualStudioVersion = 17.14.36414.22 d17.14
MinimumVisualStudioVersion = 10.0.40219.1
Project("{FAE04EC0-301F-11D3-BF4B-00C04F79EFBC}") = "ChatBot", "ChatBot\ChatBot.csproj", "{D7C0ADE5-570A-103F-04F8-2F7F08F03279}"
EndProject
Global
	GlobalSection(SolutionConfigurationPlatforms) = preSolution
		Debug|Any CPU = Debug|Any CPU
		Release|Any CPU = Release|Any CPU
	EndGlobalSection
	GlobalSection(ProjectConfigurationPlatforms) = postSolution
		{D7C0ADE5-570A-103F-04F8-2F7F08F03279}.Debug|Any CPU.ActiveCfg = Debug|Any CPU
		{D7C0ADE5-570A-103F-04F8-2F7F08F03279}.Debug|Any CPU.Build.0 = Debug|Any CPU
		{D7C0ADE5-570A-103F-04F8-2F7F08F03279}.Release|Any CPU.ActiveCfg = Release|Any CPU
		{D7C0ADE5-570A-103F-04F8-2F7F08F03279}.Release|Any CPU.Build.0 = Release|Any CPU
	EndGlobalSection
	GlobalSection(SolutionProperties) = preSolution
		HideSolutionNode = FALSE
	EndGlobalSection
	GlobalSection(ExtensibilityGlobals) = postSolution
		SolutionGuid = {0CDA36EB-B737-4BFC-844A-8E3F08AB91C4}
	EndGlobalSection
EndGlobal
